
Microsoft Visual Studio Solution File, Format Version 12.00
# Visual Studio Version 16
VisualStudioVersion = 16.0.31727.386
MinimumVisualStudioVersion = 10.0.40219.1
Project("{2150E333-8FDC-42A3-9474-1A3956D46DE8}") = "src", "src", "{566CE0A1-49E2-4276-AD78-8B5AB3B50701}"
EndProject
Project("{2150E333-8FDC-42A3-9474-1A3956D46DE8}") = "Building_Blocks", "Building_Blocks", "{FEDCACFE-67BE-478F-8B39-1DF6FD2F2D56}"
EndProject
Project("{2150E333-8FDC-42A3-9474-1A3956D46DE8}") = "Services", "Services", "{CB7158D0-D3B0-4E7D-88D8-8273F08D0FC8}"
EndProject
Project("{2150E333-8FDC-42A3-9474-1A3956D46DE8}") = "Web", "Web", "{EAE95F36-40B0-442A-B0EF-4809B6533F43}"
EndProject
Project("{2150E333-8FDC-42A3-9474-1A3956D46DE8}") = "Core", "Core", "{453C4697-A064-4526-BBE3-16A5FE0C0E48}"
EndProject
Project("{2150E333-8FDC-42A3-9474-1A3956D46DE8}") = "Carrinho", "Carrinho", "{2FFDCC04-6D8D-4034-8B7B-C30A095FC9C8}"
EndProject
Project("{9A19103F-16F7-4668-BE54-9A1E7A4F7556}") = "GWS.Carrinho.API", "src\services\GWS.Carrinho.API\GWS.Carrinho.API.csproj", "{18AA0332-AD45-4421-9CAD-0A1E1DBA0252}"
EndProject
Project("{2150E333-8FDC-42A3-9474-1A3956D46DE8}") = "Catalogo", "Catalogo", "{7B923EAF-6AA7-42BF-9CE4-C66F1AA5B32E}"
EndProject
Project("{9A19103F-16F7-4668-BE54-9A1E7A4F7556}") = "GWS.Catalogo.API", "src\services\GWS.Catalogo.API\GWS.Catalogo.API.csproj", "{7B891AF8-D343-4BE3-8EC1-686F23161E61}"
EndProject
Project("{2150E333-8FDC-42A3-9474-1A3956D46DE8}") = "Cliente", "Cliente", "{F60AF913-9F08-43FD-9F30-8FB3A3415870}"
EndProject
Project("{9A19103F-16F7-4668-BE54-9A1E7A4F7556}") = "GWS.Cliente.API", "src\services\GWS.Cliente.API\GWS.Cliente.API.csproj", "{EB488414-5AEA-478F-B168-2E99606D7D37}"
EndProject
Project("{2150E333-8FDC-42A3-9474-1A3956D46DE8}") = "Identidade", "Identidade", "{5EE2C42F-C521-433D-B05C-C5AE4F217389}"
EndProject
Project("{9A19103F-16F7-4668-BE54-9A1E7A4F7556}") = "GWS.Identidade.API", "src\services\GWS.Identidade.API\GWS.Identidade.API.csproj", "{10A88CAA-E6FD-4764-968F-D4A636461CEB}"
EndProject
Project("{2150E333-8FDC-42A3-9474-1A3956D46DE8}") = "Pagamento", "Pagamento", "{7CFE6C02-08BA-42D5-80E0-FCBD3158705F}"
EndProject
Project("{9A19103F-16F7-4668-BE54-9A1E7A4F7556}") = "GWS.Pagamento.API", "src\services\GWS.Pagamento.API\GWS.Pagamento.API.csproj", "{0BE7B8EE-A3D8-4C90-A50F-EE86C9EC15E4}"
EndProject
Project("{2150E333-8FDC-42A3-9474-1A3956D46DE8}") = "Pedido", "Pedido", "{6A30FB94-4B1E-433F-9C32-C70B4993A654}"
EndProject
Project("{9A19103F-16F7-4668-BE54-9A1E7A4F7556}") = "GWS.Pedido.API", "src\services\GWS.Pedido.API\GWS.Pedido.API.csproj", "{0D6A46E9-59A4-4B1F-8933-E688897A3545}"
EndProject
Project("{2150E333-8FDC-42A3-9474-1A3956D46DE8}") = "MVC", "MVC", "{2A4AC3D2-750F-455E-B967-4864183EDA2C}"
EndProject
Project("{9A19103F-16F7-4668-BE54-9A1E7A4F7556}") = "GWS.WebApp.MVC", "src\web\GWS.WebApp.MVC\GWS.WebApp.MVC.csproj", "{61D2535E-EC2E-41E4-B1A3-28D989EEAD28}"
EndProject
Project("{FAE04EC0-301F-11D3-BF4B-00C04F79EFBC}") = "GWS.Core", "src\building_blocks\GWS.Core\GWS.Core.csproj", "{8FD6E7D2-715A-480E-94E0-126CA354F84B}"
EndProject
Global
	GlobalSection(SolutionConfigurationPlatforms) = preSolution
		Debug|Any CPU = Debug|Any CPU
		Release|Any CPU = Release|Any CPU
	EndGlobalSection
	GlobalSection(ProjectConfigurationPlatforms) = postSolution
		{18AA0332-AD45-4421-9CAD-0A1E1DBA0252}.Debug|Any CPU.ActiveCfg = Debug|Any CPU
		{18AA0332-AD45-4421-9CAD-0A1E1DBA0252}.Debug|Any CPU.Build.0 = Debug|Any CPU
		{18AA0332-AD45-4421-9CAD-0A1E1DBA0252}.Release|Any CPU.ActiveCfg = Release|Any CPU
		{18AA0332-AD45-4421-9CAD-0A1E1DBA0252}.Release|Any CPU.Build.0 = Release|Any CPU
		{7B891AF8-D343-4BE3-8EC1-686F23161E61}.Debug|Any CPU.ActiveCfg = Debug|Any CPU
		{7B891AF8-D343-4BE3-8EC1-686F23161E61}.Debug|Any CPU.Build.0 = Debug|Any CPU
		{7B891AF8-D343-4BE3-8EC1-686F23161E61}.Release|Any CPU.ActiveCfg = Release|Any CPU
		{7B891AF8-D343-4BE3-8EC1-686F23161E61}.Release|Any CPU.Build.0 = Release|Any CPU
		{EB488414-5AEA-478F-B168-2E99606D7D37}.Debug|Any CPU.ActiveCfg = Debug|Any CPU
		{EB488414-5AEA-478F-B168-2E99606D7D37}.Debug|Any CPU.Build.0 = Debug|Any CPU
		{EB488414-5AEA-478F-B168-2E99606D7D37}.Release|Any CPU.ActiveCfg = Release|Any CPU
		{EB488414-5AEA-478F-B168-2E99606D7D37}.Release|Any CPU.Build.0 = Release|Any CPU
		{10A88CAA-E6FD-4764-968F-D4A636461CEB}.Debug|Any CPU.ActiveCfg = Debug|Any CPU
		{10A88CAA-E6FD-4764-968F-D4A636461CEB}.Debug|Any CPU.Build.0 = Debug|Any CPU
		{10A88CAA-E6FD-4764-968F-D4A636461CEB}.Release|Any CPU.ActiveCfg = Release|Any CPU
		{10A88CAA-E6FD-4764-968F-D4A636461CEB}.Release|Any CPU.Build.0 = Release|Any CPU
		{0BE7B8EE-A3D8-4C90-A50F-EE86C9EC15E4}.Debug|Any CPU.ActiveCfg = Debug|Any CPU
		{0BE7B8EE-A3D8-4C90-A50F-EE86C9EC15E4}.Debug|Any CPU.Build.0 = Debug|Any CPU
		{0BE7B8EE-A3D8-4C90-A50F-EE86C9EC15E4}.Release|Any CPU.ActiveCfg = Release|Any CPU
		{0BE7B8EE-A3D8-4C90-A50F-EE86C9EC15E4}.Release|Any CPU.Build.0 = Release|Any CPU
		{0D6A46E9-59A4-4B1F-8933-E688897A3545}.Debug|Any CPU.ActiveCfg = Debug|Any CPU
		{0D6A46E9-59A4-4B1F-8933-E688897A3545}.Debug|Any CPU.Build.0 = Debug|Any CPU
		{0D6A46E9-59A4-4B1F-8933-E688897A3545}.Release|Any CPU.ActiveCfg = Release|Any CPU
		{0D6A46E9-59A4-4B1F-8933-E688897A3545}.Release|Any CPU.Build.0 = Release|Any CPU
		{61D2535E-EC2E-41E4-B1A3-28D989EEAD28}.Debug|Any CPU.ActiveCfg = Debug|Any CPU
		{61D2535E-EC2E-41E4-B1A3-28D989EEAD28}.Debug|Any CPU.Build.0 = Debug|Any CPU
		{61D2535E-EC2E-41E4-B1A3-28D989EEAD28}.Release|Any CPU.ActiveCfg = Release|Any CPU
		{61D2535E-EC2E-41E4-B1A3-28D989EEAD28}.Release|Any CPU.Build.0 = Release|Any CPU
		{8FD6E7D2-715A-480E-94E0-126CA354F84B}.Debug|Any CPU.ActiveCfg = Debug|Any CPU
		{8FD6E7D2-715A-480E-94E0-126CA354F84B}.Debug|Any CPU.Build.0 = Debug|Any CPU
		{8FD6E7D2-715A-480E-94E0-126CA354F84B}.Release|Any CPU.ActiveCfg = Release|Any CPU
		{8FD6E7D2-715A-480E-94E0-126CA354F84B}.Release|Any CPU.Build.0 = Release|Any CPU
	EndGlobalSection
	GlobalSection(SolutionProperties) = preSolution
		HideSolutionNode = FALSE
	EndGlobalSection
	GlobalSection(NestedProjects) = preSolution
		{FEDCACFE-67BE-478F-8B39-1DF6FD2F2D56} = {566CE0A1-49E2-4276-AD78-8B5AB3B50701}
		{CB7158D0-D3B0-4E7D-88D8-8273F08D0FC8} = {566CE0A1-49E2-4276-AD78-8B5AB3B50701}
		{EAE95F36-40B0-442A-B0EF-4809B6533F43} = {566CE0A1-49E2-4276-AD78-8B5AB3B50701}
		{453C4697-A064-4526-BBE3-16A5FE0C0E48} = {FEDCACFE-67BE-478F-8B39-1DF6FD2F2D56}
		{2FFDCC04-6D8D-4034-8B7B-C30A095FC9C8} = {CB7158D0-D3B0-4E7D-88D8-8273F08D0FC8}
		{18AA0332-AD45-4421-9CAD-0A1E1DBA0252} = {2FFDCC04-6D8D-4034-8B7B-C30A095FC9C8}
		{7B923EAF-6AA7-42BF-9CE4-C66F1AA5B32E} = {CB7158D0-D3B0-4E7D-88D8-8273F08D0FC8}
		{7B891AF8-D343-4BE3-8EC1-686F23161E61} = {7B923EAF-6AA7-42BF-9CE4-C66F1AA5B32E}
		{F60AF913-9F08-43FD-9F30-8FB3A3415870} = {CB7158D0-D3B0-4E7D-88D8-8273F08D0FC8}
		{EB488414-5AEA-478F-B168-2E99606D7D37} = {F60AF913-9F08-43FD-9F30-8FB3A3415870}
		{5EE2C42F-C521-433D-B05C-C5AE4F217389} = {CB7158D0-D3B0-4E7D-88D8-8273F08D0FC8}
		{10A88CAA-E6FD-4764-968F-D4A636461CEB} = {5EE2C42F-C521-433D-B05C-C5AE4F217389}
		{7CFE6C02-08BA-42D5-80E0-FCBD3158705F} = {CB7158D0-D3B0-4E7D-88D8-8273F08D0FC8}
		{0BE7B8EE-A3D8-4C90-A50F-EE86C9EC15E4} = {7CFE6C02-08BA-42D5-80E0-FCBD3158705F}
		{6A30FB94-4B1E-433F-9C32-C70B4993A654} = {CB7158D0-D3B0-4E7D-88D8-8273F08D0FC8}
		{0D6A46E9-59A4-4B1F-8933-E688897A3545} = {6A30FB94-4B1E-433F-9C32-C70B4993A654}
		{2A4AC3D2-750F-455E-B967-4864183EDA2C} = {EAE95F36-40B0-442A-B0EF-4809B6533F43}
		{61D2535E-EC2E-41E4-B1A3-28D989EEAD28} = {2A4AC3D2-750F-455E-B967-4864183EDA2C}
		{8FD6E7D2-715A-480E-94E0-126CA354F84B} = {453C4697-A064-4526-BBE3-16A5FE0C0E48}
	EndGlobalSection
	GlobalSection(ExtensibilityGlobals) = postSolution
		SolutionGuid = {A1AED3D1-4969-41FF-BC80-6DE5DD4CA67C}
	EndGlobalSection
EndGlobal
